
Microsoft Visual Studio Solution File, Format Version 12.00
# Visual Studio 14
VisualStudioVersion = 14.0.25420.1
MinimumVisualStudioVersion = 10.0.40219.1
Project("{FAE04EC0-301F-11D3-BF4B-00C04F79EFBC}") = "SkanSieciLokalnej_v3", "SkanSieciLokalnej_v3\SkanSieciLokalnej_v3.csproj", "{566B9839-B1C0-4BDE-92C4-2CDEEF39478E}"
EndProject
Global
	GlobalSection(SolutionConfigurationPlatforms) = preSolution
		Debug|Any CPU = Debug|Any CPU
		Release|Any CPU = Release|Any CPU
	EndGlobalSection
	GlobalSection(ProjectConfigurationPlatforms) = postSolution
		{566B9839-B1C0-4BDE-92C4-2CDEEF39478E}.Debug|Any CPU.ActiveCfg = Debug|Any CPU
		{566B9839-B1C0-4BDE-92C4-2CDEEF39478E}.Debug|Any CPU.Build.0 = Debug|Any CPU
		{566B9839-B1C0-4BDE-92C4-2CDEEF39478E}.Release|Any CPU.ActiveCfg = Release|Any CPU
		{566B9839-B1C0-4BDE-92C4-2CDEEF39478E}.Release|Any CPU.Build.0 = Release|Any CPU
	EndGlobalSection
	GlobalSection(SolutionProperties) = preSolution
		HideSolutionNode = FALSE
	EndGlobalSection
EndGlobal
